PODS:
  - TwitterCore (3.0.1)
  - TwitterKit (3.1.1):
    - TwitterCore (>= 3.0.1)

DEPENDENCIES:
  - TwitterKit

SPEC CHECKSUMS:
  TwitterCore: 6856288a1c25e5281363250681f33b42fce1da42
  TwitterKit: 313bf02baee8427f7649b3640169178e5a8b5a99

PODFILE CHECKSUM: a512246cf9ff7853e819b2968edcf88927315d08

COCOAPODS: 1.1.1
